{
    "_readme": [
        "This file locks the dependencies of your project to a known state",
        "Read more about it at https://getcomposer.org/doc/01-basic-usage.md#installing-dependencies",
        "This file is @generated automatically"
    ],
    "content-hash": "0ccb61c1321c3bd2e94bd372240da82a",
    "packages": [
        {
            "name": "shuchkin/simplecsv",
            "version": "0.1.1",
            "source": {
                "type": "git",
                "url": "https://github.com/shuchkin/simplecsv.git",
                "reference": "f5c9d15e7dbe4956c1140f5e3b7befef840f943d"
            },
            "dist": {
                "type": "zip",
                "url": "https://api.github.com/repos/shuchkin/simplecsv/zipball/f5c9d15e7dbe4956c1140f5e3b7befef840f943d",
                "reference": "f5c9d15e7dbe4956c1140f5e3b7befef840f943d",
                "shasum": ""
            },
            "type": "library",
            "autoload": {
                "classmap": [
                    "src/SimpleCSV.php"
                ]
            },
            "notification-url": "https://packagist.org/downloads/",
            "license": [
                "MIT"
            ],
            "authors": [
                {
                    "name": "Sergey Shuchkin (SMSPILOT)",
                    "email": "sergey.shuchkin@gmail.com",
                    "homepage": "https://shuchkin.ru/"
                }
            ],
            "description": "Parse and retrieve data from CSV files. Export data to CSV.",
            "homepage": "https://github.com/shuchkin/simplecsv",
            "keywords": [
                "backend",
                "csv",
                "excel",
                "export",
                "import",
                "parser",
                "php",
                "read",
                "write"
            ],
            "support": {
                "issues": "https://github.com/shuchkin/simplecsv/issues",
                "source": "https://github.com/shuchkin/simplecsv/tree/0.1.1"
            },
            "time": "2021-04-28T10:01:55+00:00"
        }
    ],
    "packages-dev": [],
    "aliases": [],
    "minimum-stability": "stable",
    "stability-flags": [],
    "prefer-stable": false,
    "prefer-lowest": false,
    "platform": [],
    "platform-dev": [],
    "plugin-api-version": "2.3.0"
}
